
Microsoft Visual Studio Solution File, Format Version 12.00
# Visual Studio Version 16
VisualStudioVersion = 16.0.30320.27
MinimumVisualStudioVersion = 10.0.40219.1
Project("{9A19103F-16F7-4668-BE54-9A1E7A4F7556}") = "AppLauncher", "AppLauncher\AppLauncher.csproj", "{880A741A-D80B-48D3-9A74-865079021A75}"
EndProject
Global
	GlobalSection(SolutionConfigurationPlatforms) = preSolution
		Debug|Any CPU = Debug|Any CPU
		Release|Any CPU = Release|Any CPU
	EndGlobalSection
	GlobalSection(ProjectConfigurationPlatforms) = postSolution
		{880A741A-D80B-48D3-9A74-865079021A75}.Debug|Any CPU.ActiveCfg = Debug|Any CPU
		{880A741A-D80B-48D3-9A74-865079021A75}.Debug|Any CPU.Build.0 = Debug|Any CPU
		{880A741A-D80B-48D3-9A74-865079021A75}.Release|Any CPU.ActiveCfg = Release|Any CPU
		{880A741A-D80B-48D3-9A74-865079021A75}.Release|Any CPU.Build.0 = Release|Any CPU
	EndGlobalSection
	GlobalSection(SolutionProperties) = preSolution
		HideSolutionNode = FALSE
	EndGlobalSection
	GlobalSection(ExtensibilityGlobals) = postSolution
		SolutionGuid = {83343565-9B5B-4971-9CAD-292419DC621E}
	EndGlobalSection
EndGlobal
